// !$*UTF8*$!
{
	archiveVersion = 1;
	classes = {
	};
	objectVersion = 46;
	objects = {

/* Begin PBXBuildFile section */
		C5F61EF7155EA85400BDBC88 /* UIKit.framework in Frameworks */ = {isa = PBXBuildFile; fileRef = C5F61EF6155EA85400BDBC88 /* UIKit.framework */; };
		C5F61EF9155EA85400BDBC88 /* Foundation.framework in Frameworks */ = {isa = PBXBuildFile; fileRef = C5F61EF8155EA85400BDBC88 /* Foundation.framework */; };
		C5F61EFB155EA85400BDBC88 /* CoreGraphics.framework in Frameworks */ = {isa = PBXBuildFile; fileRef = C5F61EFA155EA85400BDBC88 /* CoreGraphics.framework */; };
		C5F61F01155EA85400BDBC88 /* InfoPlist.strings in Resources */ = {isa = PBXBuildFile; fileRef = C5F61EFF155EA85400BDBC88 /* InfoPlist.strings */; };
		C5F61F03155EA85400BDBC88 /* main.m in Sources */ = {isa = PBXBuildFile; fileRef = C5F61F02155EA85400BDBC88 /* main.m */; };
		C5F61F07155EA85400BDBC88 /* USPAppDelegate.m in Sources */ = {isa = PBXBuildFile; fileRef = C5F61F06155EA85400BDBC88 /* USPAppDelegate.m */; };
		C5F61F15155EAD2000BDBC88 /* USPRefeicao.m in Sources */ = {isa = PBXBuildFile; fileRef = C5F61F14155EAD2000BDBC88 /* USPRefeicao.m */; };
		C5F61F1E155EB29400BDBC88 /* USPCardapio.m in Sources */ = {isa = PBXBuildFile; fileRef = C5F61F1D155EB29400BDBC88 /* USPCardapio.m */; };
		C5F61F21155EB67E00BDBC88 /* restaurante.xml in Resources */ = {isa = PBXBuildFile; fileRef = C5F61F20155EB67E00BDBC88 /* restaurante.xml */; };
/* End PBXBuildFile section */

/* Begin PBXFileReference section */
		C5F61EF2155EA85400BDBC88 /* Bandejao.app */ = {isa = PBXFileReference; explicitFileType = wrapper.application; includeInIndex = 0; path = Bandejao.app; sourceTree = BUILT_PRODUCTS_DIR; };
		C5F61EF6155EA85400BDBC88 /* UIKit.framework */ = {isa = PBXFileReference; lastKnownFileType = wrapper.framework; name = UIKit.framework; path = System/Library/Frameworks/UIKit.framework; sourceTree = SDKROOT; };
		C5F61EF8155EA85400BDBC88 /* Foundation.framework */ = {isa = PBXFileReference; lastKnownFileType = wrapper.framework; name = Foundation.framework; path = System/Library/Frameworks/Foundation.framework; sourceTree = SDKROOT; };
		C5F61EFA155EA85400BDBC88 /* CoreGraphics.framework */ = {isa = PBXFileReference; lastKnownFileType = wrapper.framework; name = CoreGraphics.framework; path = System/Library/Frameworks/CoreGraphics.framework; sourceTree = SDKROOT; };
		C5F61EFE155EA85400BDBC88 /* Bandejao-Info.plist */ = {isa = PBXFileReference; lastKnownFileType = text.plist.xml; path = "Bandejao-Info.plist"; sourceTree = "<group>"; };
		C5F61F00155EA85400BDBC88 /* en */ = {isa = PBXFileReference; lastKnownFileType = text.plist.strings; name = en; path = en.lproj/InfoPlist.strings; sourceTree = "<group>"; };
		C5F61F02155EA85400BDBC88 /* main.m */ = {isa = PBXFileReference; lastKnownFileType = sourcecode.c.objc; path = main.m; sourceTree = "<group>"; };
		C5F61F04155EA85400BDBC88 /* Bandejao-Prefix.pch */ = {isa = PBXFileReference; lastKnownFileType = sourcecode.c.h; path = "Bandejao-Prefix.pch"; sourceTree = "<group>"; };
		C5F61F05155EA85400BDBC88 /* USPAppDelegate.h */ = {isa = PBXFileReference; lastKnownFileType = sourcecode.c.h; path = USPAppDelegate.h; sourceTree = "<group>"; };
		C5F61F06155EA85400BDBC88 /* USPAppDelegate.m */ = {isa = PBXFileReference; lastKnownFileType = sourcecode.c.objc; path = USPAppDelegate.m; sourceTree = "<group>"; };
		C5F61F13155EAD2000BDBC88 /* USPRefeicao.h */ = {isa = PBXFileReference; fileEncoding = 4; lastKnownFileType = sourcecode.c.h; path = USPRefeicao.h; sourceTree = "<group>"; };
		C5F61F14155EAD2000BDBC88 /* USPRefeicao.m */ = {isa = PBXFileReference; fileEncoding = 4; lastKnownFileType = sourcecode.c.objc; path = USPRefeicao.m; sourceTree = "<group>"; };
		C5F61F1C155EB29400BDBC88 /* USPCardapio.h */ = {isa = PBXFileReference; fileEncoding = 4; lastKnownFileType = sourcecode.c.h; path = USPCardapio.h; sourceTree = "<group>"; };
		C5F61F1D155EB29400BDBC88 /* USPCardapio.m */ = {isa = PBXFileReference; fileEncoding = 4; lastKnownFileType = sourcecode.c.objc; path = USPCardapio.m; sourceTree = "<group>"; };
		C5F61F20155EB67E00BDBC88 /* restaurante.xml */ = {isa = PBXFileReference; fileEncoding = 4; lastKnownFileType = text.xml; path = restaurante.xml; sourceTree = "<group>"; };
/* End PBXFileReference section */

/* Begin PBXFrameworksBuildPhase section */
		C5F61EEF155EA85400BDBC88 /* Frameworks */ = {
			isa = PBXFrameworksBuildPhase;
			buildActionMask = 2147483647;
			files = (
				C5F61EF7155EA85400BDBC88 /* UIKit.framework in Frameworks */,
				C5F61EF9155EA85400BDBC88 /* Foundation.framework in Frameworks */,
				C5F61EFB155EA85400BDBC88 /* CoreGraphics.framework in Frameworks */,
			);
			runOnlyForDeploymentPostprocessing = 0;
		};
/* End PBXFrameworksBuildPhase section */

/* Begin PBXGroup section */
		C5F61EE7155EA85300BDBC88 = {
			isa = PBXGroup;
			children = (
				C5F61EFC155EA85400BDBC88 /* Bandejao */,
				C5F61EF5155EA85400BDBC88 /* Frameworks */,
				C5F61EF3155EA85400BDBC88 /* Products */,
			);
			sourceTree = "<group>";
		};
		C5F61EF3155EA85400BDBC88 /* Products */ = {
			isa = PBXGroup;
			children = (
				C5F61EF2155EA85400BDBC88 /* Bandejao.app */,
			);
			name = Products;
			sourceTree = "<group>";
		};
		C5F61EF5155EA85400BDBC88 /* Frameworks */ = {
			isa = PBXGroup;
			children = (
				C5F61EF6155EA85400BDBC88 /* UIKit.framework */,
				C5F61EF8155EA85400BDBC88 /* Foundation.framework */,
				C5F61EFA155EA85400BDBC88 /* CoreGraphics.framework */,
			);
			name = Frameworks;
			sourceTree = "<group>";
		};
		C5F61EFC155EA85400BDBC88 /* Bandejao */ = {
			isa = PBXGroup;
			children = (
				C5F61F1F155EB65300BDBC88 /* xml-teste */,
				C5F61F11155EAC1A00BDBC88 /* Entidades */,
				C5F61F05155EA85400BDBC88 /* USPAppDelegate.h */,
				C5F61F06155EA85400BDBC88 /* USPAppDelegate.m */,
				C5F61EFD155EA85400BDBC88 /* Supporting Files */,
			);
			path = Bandejao;
			sourceTree = "<group>";
		};
		C5F61EFD155EA85400BDBC88 /* Supporting Files */ = {
			isa = PBXGroup;
			children = (
				C5F61EFE155EA85400BDBC88 /* Bandejao-Info.plist */,
				C5F61EFF155EA85400BDBC88 /* InfoPlist.strings */,
				C5F61F02155EA85400BDBC88 /* main.m */,
				C5F61F04155EA85400BDBC88 /* Bandejao-Prefix.pch */,
			);
			name = "Supporting Files";
			sourceTree = "<group>";
		};
		C5F61F11155EAC1A00BDBC88 /* Entidades */ = {
			isa = PBXGroup;
			children = (
				C5F61F13155EAD2000BDBC88 /* USPRefeicao.h */,
				C5F61F14155EAD2000BDBC88 /* USPRefeicao.m */,
				C5F61F1C155EB29400BDBC88 /* USPCardapio.h */,
				C5F61F1D155EB29400BDBC88 /* USPCardapio.m */,
			);
			name = Entidades;
			sourceTree = "<group>";
		};
		C5F61F1F155EB65300BDBC88 /* xml-teste */ = {
			isa = PBXGroup;
			children = (
				C5F61F20155EB67E00BDBC88 /* restaurante.xml */,
			);
			name = "xml-teste";
			sourceTree = "<group>";
		};
/* End PBXGroup section */

/* Begin PBXNativeTarget section */
		C5F61EF1155EA85400BDBC88 /* Bandejao */ = {
			isa = PBXNativeTarget;
			buildConfigurationList = C5F61F0A155EA85400BDBC88 /* Build configuration list for PBXNativeTarget "Bandejao" */;
			buildPhases = (
				C5F61EEE155EA85400BDBC88 /* Sources */,
				C5F61EEF155EA85400BDBC88 /* Frameworks */,
				C5F61EF0155EA85400BDBC88 /* Resources */,
			);
			buildRules = (
			);
			dependencies = (
			);
			name = Bandejao;
			productName = Bandejao;
			productReference = C5F61EF2155EA85400BDBC88 /* Bandejao.app */;
			productType = "com.apple.product-type.application";
		};
/* End PBXNativeTarget section */

/* Begin PBXProject section */
		C5F61EE9155EA85300BDBC88 /* Project object */ = {
			isa = PBXProject;
			attributes = {
				CLASSPREFIX = USP;
				LastUpgradeCheck = 0430;
				ORGANIZATIONNAME = "Ci&T";
			};
			buildConfigurationList = C5F61EEC155EA85300BDBC88 /* Build configuration list for PBXProject "Bandejao" */;
			compatibilityVersion = "Xcode 3.2";
			developmentRegion = English;
			hasScannedForEncodings = 0;
			knownRegions = (
				en,
			);
			mainGroup = C5F61EE7155EA85300BDBC88;
			productRefGroup = C5F61EF3155EA85400BDBC88 /* Products */;
			projectDirPath = "";
			projectRoot = "";
			targets = (
				C5F61EF1155EA85400BDBC88 /* Bandejao */,
			);
		};
/* End PBXProject section */

/* Begin PBXResourcesBuildPhase section */
		C5F61EF0155EA85400BDBC88 /* Resources */ = {
			isa = PBXResourcesBuildPhase;
			buildActionMask = 2147483647;
			files = (
				C5F61F01155EA85400BDBC88 /* InfoPlist.strings in Resources */,
				C5F61F21155EB67E00BDBC88 /* restaurante.xml in Resources */,
			);
			runOnlyForDeploymentPostprocessing = 0;
		};
/* End PBXResourcesBuildPhase section */

/* Begin PBXSourcesBuildPhase section */
		C5F61EEE155EA85400BDBC88 /* Sources */ = {
			isa = PBXSourcesBuildPhase;
			buildActionMask = 2147483647;
			files = (
				C5F61F03155EA85400BDBC88 /* main.m in Sources */,
				C5F61F07155EA85400BDBC88 /* USPAppDelegate.m in Sources */,
				C5F61F15155EAD2000BDBC88 /* USPRefeicao.m in Sources */,
				C5F61F1E155EB29400BDBC88 /* USPCardapio.m in Sources */,
			);
			runOnlyForDeploymentPostprocessing = 0;
		};
/* End PBXSourcesBuildPhase section */

/* Begin PBXVariantGroup section */
		C5F61EFF155EA85400BDBC88 /* InfoPlist.strings */ = {
			isa = PBXVariantGroup;
			children = (
				C5F61F00155EA85400BDBC88 /* en */,
			);
			name = InfoPlist.strings;
			sourceTree = "<group>";
		};
/* End PBXVariantGroup section */

/* Begin XCBuildConfiguration section */
		C5F61F08155EA85400BDBC88 /* Debug */ = {
			isa = XCBuildConfiguration;
			buildSettings = {
				ALWAYS_SEARCH_USER_PATHS = NO;
				ARCHS = "$(ARCHS_STANDARD_32_BIT)";
				CLANG_ENABLE_OBJC_ARC = YES;
				"CODE_SIGN_IDENTITY[sdk=iphoneos*]" = "iPhone Developer";
				COPY_PHASE_STRIP = NO;
				GCC_C_LANGUAGE_STANDARD = gnu99;
				GCC_DYNAMIC_NO_PIC = NO;
				GCC_OPTIMIZATION_LEVEL = 0;
				GCC_PREPROCESSOR_DEFINITIONS = (
					"DEBUG=1",
					"$(inherited)",
				);
				GCC_SYMBOLS_PRIVATE_EXTERN = NO;
				GCC_VERSION = com.apple.compilers.llvm.clang.1_0;
				GCC_WARN_ABOUT_RETURN_TYPE = YES;
				GCC_WARN_UNINITIALIZED_AUTOS = YES;
				GCC_WARN_UNUSED_VARIABLE = YES;
				IPHONEOS_DEPLOYMENT_TARGET = 5.1;
				SDKROOT = iphoneos;
			};
			name = Debug;
		};
		C5F61F09155EA85400BDBC88 /* Release */ = {
			isa = XCBuildConfiguration;
			buildSettings = {
				ALWAYS_SEARCH_USER_PATHS = NO;
				ARCHS = "$(ARCHS_STANDARD_32_BIT)";
				CLANG_ENABLE_OBJC_ARC = YES;
				"CODE_SIGN_IDENTITY[sdk=iphoneos*]" = "iPhone Developer";
				COPY_PHASE_STRIP = YES;
				GCC_C_LANGUAGE_STANDARD = gnu99;
				GCC_VERSION = com.apple.compilers.llvm.clang.1_0;
				GCC_WARN_ABOUT_RETURN_TYPE = YES;
				GCC_WARN_UNINITIALIZED_AUTOS = YES;
				GCC_WARN_UNUSED_VARIABLE = YES;
				IPHONEOS_DEPLOYMENT_TARGET = 5.1;
				OTHER_CFLAGS = "-DNS_BLOCK_ASSERTIONS=1";
				SDKROOT = iphoneos;
				VALIDATE_PRODUCT = YES;
			};
			name = Release;
		};
		C5F61F0B155EA85400BDBC88 /* Debug */ = {
			isa = XCBuildConfiguration;
			buildSettings = {
				GCC_PRECOMPILE_PREFIX_HEADER = YES;
				GCC_PREFIX_HEADER = "Bandejao/Bandejao-Prefix.pch";
				INFOPLIST_FILE = "Bandejao/Bandejao-Info.plist";
				PRODUCT_NAME = "$(TARGET_NAME)";
				WRAPPER_EXTENSION = app;
			};
			name = Debug;
		};
		C5F61F0C155EA85400BDBC88 /* Release */ = {
			isa = XCBuildConfiguration;
			buildSettings = {
				GCC_PRECOMPILE_PREFIX_HEADER = YES;
				GCC_PREFIX_HEADER = "Bandejao/Bandejao-Prefix.pch";
				INFOPLIST_FILE = "Bandejao/Bandejao-Info.plist";
				PRODUCT_NAME = "$(TARGET_NAME)";
				WRAPPER_EXTENSION = app;
			};
			name = Release;
		};
/* End XCBuildConfiguration section */

/* Begin XCConfigurationList section */
		C5F61EEC155EA85300BDBC88 /* Build configuration list for PBXProject "Bandejao" */ = {
			isa = XCConfigurationList;
			buildConfigurations = (
				C5F61F08155EA85400BDBC88 /* Debug */,
				C5F61F09155EA85400BDBC88 /* Release */,
			);
			defaultConfigurationIsVisible = 0;
			defaultConfigurationName = Release;
		};
		C5F61F0A155EA85400BDBC88 /* Build configuration list for PBXNativeTarget "Bandejao" */ = {
			isa = XCConfigurationList;
			buildConfigurations = (
				C5F61F0B155EA85400BDBC88 /* Debug */,
				C5F61F0C155EA85400BDBC88 /* Release */,
			);
			defaultConfigurationIsVisible = 0;
			defaultConfigurationName = Release;
		};
/* End XCConfigurationList section */
	};
	rootObject = C5F61EE9155EA85300BDBC88 /* Project object */;
}
