// !$*UTF8*$!
{
	archiveVersion = 1;
	classes = {
	};
	objectVersion = 46;
	objects = {

/* Begin PBXBuildFile section */
		C53F55DC1567C82B00372D9A /* USPMainViewController.m in Sources */ = {isa = PBXBuildFile; fileRef = C53F55DA1567C82B00372D9A /* USPMainViewController.m */; };
		C53F55DD1567C82B00372D9A /* USPMainViewController.xib in Resources */ = {isa = PBXBuildFile; fileRef = C53F55DB1567C82B00372D9A /* USPMainViewController.xib */; };
		C53F55EC1567DCF200372D9A /* RXMLElement.m in Sources */ = {isa = PBXBuildFile; fileRef = C53F55EB1567DCF200372D9A /* RXMLElement.m */; };
		C53F55EE1567DDA500372D9A /* libz.dylib in Frameworks */ = {isa = PBXBuildFile; fileRef = C53F55ED1567DDA500372D9A /* libz.dylib */; };
		C53F55F01567DDAF00372D9A /* libxml2.dylib in Frameworks */ = {isa = PBXBuildFile; fileRef = C53F55EF1567DDAF00372D9A /* libxml2.dylib */; };
		C53F55F41567EAB400372D9A /* USPXMLParser.m in Sources */ = {isa = PBXBuildFile; fileRef = C53F55F31567EAB400372D9A /* USPXMLParser.m */; };
		C56924931561849D00A16B9D /* NSDate+Formatted.m in Sources */ = {isa = PBXBuildFile; fileRef = C56924921561849D00A16B9D /* NSDate+Formatted.m */; };
		C5C354C51570FC2300C98F08 /* 48-fork-and-knife.png in Resources */ = {isa = PBXBuildFile; fileRef = C5C354C31570FC2300C98F08 /* 48-fork-and-knife.png */; };
		C5C354C61570FC2300C98F08 /* 48-fork-and-knife@2x.png in Resources */ = {isa = PBXBuildFile; fileRef = C5C354C41570FC2300C98F08 /* 48-fork-and-knife@2x.png */; };
		C5C354CE1571051300C98F08 /* USPCardapioView.m in Sources */ = {isa = PBXBuildFile; fileRef = C5C354CD1571051300C98F08 /* USPCardapioView.m */; };
		C5C354D115710A2C00C98F08 /* UIScrollView+GotoIndex.m in Sources */ = {isa = PBXBuildFile; fileRef = C5C354D015710A2C00C98F08 /* UIScrollView+GotoIndex.m */; };
		C5F21FA3156FC0F5009C1505 /* 59-info@2x.png in Resources */ = {isa = PBXBuildFile; fileRef = C5F21FA1156FC0F5009C1505 /* 59-info@2x.png */; };
		C5F21FA4156FC0F5009C1505 /* 59-info.png in Resources */ = {isa = PBXBuildFile; fileRef = C5F21FA2156FC0F5009C1505 /* 59-info.png */; };
		C5F21FA6156FC27F009C1505 /* View.xib in Resources */ = {isa = PBXBuildFile; fileRef = C5F21FA5156FC27F009C1505 /* View.xib */; };
		C5F61EF7155EA85400BDBC88 /* UIKit.framework in Frameworks */ = {isa = PBXBuildFile; fileRef = C5F61EF6155EA85400BDBC88 /* UIKit.framework */; };
		C5F61EF9155EA85400BDBC88 /* Foundation.framework in Frameworks */ = {isa = PBXBuildFile; fileRef = C5F61EF8155EA85400BDBC88 /* Foundation.framework */; };
		C5F61EFB155EA85400BDBC88 /* CoreGraphics.framework in Frameworks */ = {isa = PBXBuildFile; fileRef = C5F61EFA155EA85400BDBC88 /* CoreGraphics.framework */; };
		C5F61F01155EA85400BDBC88 /* InfoPlist.strings in Resources */ = {isa = PBXBuildFile; fileRef = C5F61EFF155EA85400BDBC88 /* InfoPlist.strings */; };
		C5F61F03155EA85400BDBC88 /* main.m in Sources */ = {isa = PBXBuildFile; fileRef = C5F61F02155EA85400BDBC88 /* main.m */; };
		C5F61F07155EA85400BDBC88 /* USPAppDelegate.m in Sources */ = {isa = PBXBuildFile; fileRef = C5F61F06155EA85400BDBC88 /* USPAppDelegate.m */; };
		C5F61F15155EAD2000BDBC88 /* USPRefeicao.m in Sources */ = {isa = PBXBuildFile; fileRef = C5F61F14155EAD2000BDBC88 /* USPRefeicao.m */; };
		C5F61F1E155EB29400BDBC88 /* USPCardapio.m in Sources */ = {isa = PBXBuildFile; fileRef = C5F61F1D155EB29400BDBC88 /* USPCardapio.m */; };
/* End PBXBuildFile section */

/* Begin PBXFileReference section */
		C53F55D91567C82B00372D9A /* USPMainViewController.h */ = {isa = PBXFileReference; fileEncoding = 4; lastKnownFileType = sourcecode.c.h; path = USPMainViewController.h; sourceTree = "<group>"; };
		C53F55DA1567C82B00372D9A /* USPMainViewController.m */ = {isa = PBXFileReference; fileEncoding = 4; lastKnownFileType = sourcecode.c.objc; path = USPMainViewController.m; sourceTree = "<group>"; };
		C53F55DB1567C82B00372D9A /* USPMainViewController.xib */ = {isa = PBXFileReference; fileEncoding = 4; lastKnownFileType = file.xib; path = USPMainViewController.xib; sourceTree = "<group>"; };
		C53F55EA1567DCF200372D9A /* RXMLElement.h */ = {isa = PBXFileReference; fileEncoding = 4; lastKnownFileType = sourcecode.c.h; path = RXMLElement.h; sourceTree = "<group>"; };
		C53F55EB1567DCF200372D9A /* RXMLElement.m */ = {isa = PBXFileReference; fileEncoding = 4; lastKnownFileType = sourcecode.c.objc; path = RXMLElement.m; sourceTree = "<group>"; };
		C53F55ED1567DDA500372D9A /* libz.dylib */ = {isa = PBXFileReference; lastKnownFileType = "compiled.mach-o.dylib"; name = libz.dylib; path = usr/lib/libz.dylib; sourceTree = SDKROOT; };
		C53F55EF1567DDAF00372D9A /* libxml2.dylib */ = {isa = PBXFileReference; lastKnownFileType = "compiled.mach-o.dylib"; name = libxml2.dylib; path = usr/lib/libxml2.dylib; sourceTree = SDKROOT; };
		C53F55F21567EAB400372D9A /* USPXMLParser.h */ = {isa = PBXFileReference; fileEncoding = 4; lastKnownFileType = sourcecode.c.h; path = USPXMLParser.h; sourceTree = "<group>"; };
		C53F55F31567EAB400372D9A /* USPXMLParser.m */ = {isa = PBXFileReference; fileEncoding = 4; lastKnownFileType = sourcecode.c.objc; path = USPXMLParser.m; sourceTree = "<group>"; };
		C56924911561849D00A16B9D /* NSDate+Formatted.h */ = {isa = PBXFileReference; fileEncoding = 4; lastKnownFileType = sourcecode.c.h; path = "NSDate+Formatted.h"; sourceTree = "<group>"; };
		C56924921561849D00A16B9D /* NSDate+Formatted.m */ = {isa = PBXFileReference; fileEncoding = 4; lastKnownFileType = sourcecode.c.objc; path = "NSDate+Formatted.m"; sourceTree = "<group>"; };
		C5C354C31570FC2300C98F08 /* 48-fork-and-knife.png */ = {isa = PBXFileReference; lastKnownFileType = image.png; path = "48-fork-and-knife.png"; sourceTree = "<group>"; };
		C5C354C41570FC2300C98F08 /* 48-fork-and-knife@2x.png */ = {isa = PBXFileReference; lastKnownFileType = image.png; path = "48-fork-and-knife@2x.png"; sourceTree = "<group>"; };
		C5C354CC1571051300C98F08 /* USPCardapioView.h */ = {isa = PBXFileReference; fileEncoding = 4; lastKnownFileType = sourcecode.c.h; path = USPCardapioView.h; sourceTree = "<group>"; };
		C5C354CD1571051300C98F08 /* USPCardapioView.m */ = {isa = PBXFileReference; fileEncoding = 4; lastKnownFileType = sourcecode.c.objc; path = USPCardapioView.m; sourceTree = "<group>"; };
		C5C354CF15710A2C00C98F08 /* UIScrollView+GotoIndex.h */ = {isa = PBXFileReference; fileEncoding = 4; lastKnownFileType = sourcecode.c.h; path = "UIScrollView+GotoIndex.h"; sourceTree = "<group>"; };
		C5C354D015710A2C00C98F08 /* UIScrollView+GotoIndex.m */ = {isa = PBXFileReference; fileEncoding = 4; lastKnownFileType = sourcecode.c.objc; path = "UIScrollView+GotoIndex.m"; sourceTree = "<group>"; };
		C5F21FA1156FC0F5009C1505 /* 59-info@2x.png */ = {isa = PBXFileReference; lastKnownFileType = image.png; path = "59-info@2x.png"; sourceTree = "<group>"; };
		C5F21FA2156FC0F5009C1505 /* 59-info.png */ = {isa = PBXFileReference; lastKnownFileType = image.png; path = "59-info.png"; sourceTree = "<group>"; };
		C5F21FA5156FC27F009C1505 /* View.xib */ = {isa = PBXFileReference; fileEncoding = 4; lastKnownFileType = file.xib; path = View.xib; sourceTree = "<group>"; };
		C5F61EF2155EA85400BDBC88 /* Bandejao.app */ = {isa = PBXFileReference; explicitFileType = wrapper.application; includeInIndex = 0; path = Bandejao.app; sourceTree = BUILT_PRODUCTS_DIR; };
		C5F61EF6155EA85400BDBC88 /* UIKit.framework */ = {isa = PBXFileReference; lastKnownFileType = wrapper.framework; name = UIKit.framework; path = System/Library/Frameworks/UIKit.framework; sourceTree = SDKROOT; };
		C5F61EF8155EA85400BDBC88 /* Foundation.framework */ = {isa = PBXFileReference; lastKnownFileType = wrapper.framework; name = Foundation.framework; path = System/Library/Frameworks/Foundation.framework; sourceTree = SDKROOT; };
		C5F61EFA155EA85400BDBC88 /* CoreGraphics.framework */ = {isa = PBXFileReference; lastKnownFileType = wrapper.framework; name = CoreGraphics.framework; path = System/Library/Frameworks/CoreGraphics.framework; sourceTree = SDKROOT; };
		C5F61EFE155EA85400BDBC88 /* Bandejao-Info.plist */ = {isa = PBXFileReference; lastKnownFileType = text.plist.xml; path = "Bandejao-Info.plist"; sourceTree = "<group>"; };
		C5F61F00155EA85400BDBC88 /* en */ = {isa = PBXFileReference; lastKnownFileType = text.plist.strings; name = en; path = en.lproj/InfoPlist.strings; sourceTree = "<group>"; };
		C5F61F02155EA85400BDBC88 /* main.m */ = {isa = PBXFileReference; lastKnownFileType = sourcecode.c.objc; path = main.m; sourceTree = "<group>"; };
		C5F61F04155EA85400BDBC88 /* Bandejao-Prefix.pch */ = {isa = PBXFileReference; lastKnownFileType = sourcecode.c.h; path = "Bandejao-Prefix.pch"; sourceTree = "<group>"; };
		C5F61F05155EA85400BDBC88 /* USPAppDelegate.h */ = {isa = PBXFileReference; lastKnownFileType = sourcecode.c.h; path = USPAppDelegate.h; sourceTree = "<group>"; };
		C5F61F06155EA85400BDBC88 /* USPAppDelegate.m */ = {isa = PBXFileReference; lastKnownFileType = sourcecode.c.objc; path = USPAppDelegate.m; sourceTree = "<group>"; };
		C5F61F13155EAD2000BDBC88 /* USPRefeicao.h */ = {isa = PBXFileReference; fileEncoding = 4; lastKnownFileType = sourcecode.c.h; path = USPRefeicao.h; sourceTree = "<group>"; };
		C5F61F14155EAD2000BDBC88 /* USPRefeicao.m */ = {isa = PBXFileReference; fileEncoding = 4; lastKnownFileType = sourcecode.c.objc; path = USPRefeicao.m; sourceTree = "<group>"; };
		C5F61F1C155EB29400BDBC88 /* USPCardapio.h */ = {isa = PBXFileReference; fileEncoding = 4; lastKnownFileType = sourcecode.c.h; path = USPCardapio.h; sourceTree = "<group>"; };
		C5F61F1D155EB29400BDBC88 /* USPCardapio.m */ = {isa = PBXFileReference; fileEncoding = 4; lastKnownFileType = sourcecode.c.objc; path = USPCardapio.m; sourceTree = "<group>"; };
/* End PBXFileReference section */

/* Begin PBXFrameworksBuildPhase section */
		C5F61EEF155EA85400BDBC88 /* Frameworks */ = {
			isa = PBXFrameworksBuildPhase;
			buildActionMask = 2147483647;
			files = (
				C53F55F01567DDAF00372D9A /* libxml2.dylib in Frameworks */,
				C53F55EE1567DDA500372D9A /* libz.dylib in Frameworks */,
				C5F61EF7155EA85400BDBC88 /* UIKit.framework in Frameworks */,
				C5F61EF9155EA85400BDBC88 /* Foundation.framework in Frameworks */,
				C5F61EFB155EA85400BDBC88 /* CoreGraphics.framework in Frameworks */,
			);
			runOnlyForDeploymentPostprocessing = 0;
		};
/* End PBXFrameworksBuildPhase section */

/* Begin PBXGroup section */
		C53F55D71567C7EC00372D9A /* View Controllers */ = {
			isa = PBXGroup;
			children = (
				C53F55D91567C82B00372D9A /* USPMainViewController.h */,
				C53F55DA1567C82B00372D9A /* USPMainViewController.m */,
				C53F55DB1567C82B00372D9A /* USPMainViewController.xib */,
			);
			name = "View Controllers";
			sourceTree = "<group>";
		};
		C53F55E41567D95800372D9A /* LIbs */ = {
			isa = PBXGroup;
			children = (
				C53F55E91567DCF200372D9A /* RaptureXML */,
			);
			name = LIbs;
			sourceTree = "<group>";
		};
		C53F55E91567DCF200372D9A /* RaptureXML */ = {
			isa = PBXGroup;
			children = (
				C53F55EA1567DCF200372D9A /* RXMLElement.h */,
				C53F55EB1567DCF200372D9A /* RXMLElement.m */,
			);
			path = RaptureXML;
			sourceTree = "<group>";
		};
		C53F55F11567EA9C00372D9A /* Parser */ = {
			isa = PBXGroup;
			children = (
				C53F55F21567EAB400372D9A /* USPXMLParser.h */,
				C53F55F31567EAB400372D9A /* USPXMLParser.m */,
			);
			name = Parser;
			sourceTree = "<group>";
		};
		C569248F1561847E00A16B9D /* Categories */ = {
			isa = PBXGroup;
			children = (
				C56924911561849D00A16B9D /* NSDate+Formatted.h */,
				C56924921561849D00A16B9D /* NSDate+Formatted.m */,
				C5C354CF15710A2C00C98F08 /* UIScrollView+GotoIndex.h */,
				C5C354D015710A2C00C98F08 /* UIScrollView+GotoIndex.m */,
			);
			name = Categories;
			sourceTree = "<group>";
		};
		C5F61EE7155EA85300BDBC88 = {
			isa = PBXGroup;
			children = (
				C5F61EFC155EA85400BDBC88 /* Bandejao */,
				C5F61EF5155EA85400BDBC88 /* Frameworks */,
				C5F61EF3155EA85400BDBC88 /* Products */,
			);
			sourceTree = "<group>";
		};
		C5F61EF3155EA85400BDBC88 /* Products */ = {
			isa = PBXGroup;
			children = (
				C5F61EF2155EA85400BDBC88 /* Bandejao.app */,
			);
			name = Products;
			sourceTree = "<group>";
		};
		C5F61EF5155EA85400BDBC88 /* Frameworks */ = {
			isa = PBXGroup;
			children = (
				C53F55EF1567DDAF00372D9A /* libxml2.dylib */,
				C53F55ED1567DDA500372D9A /* libz.dylib */,
				C5F61EF6155EA85400BDBC88 /* UIKit.framework */,
				C5F61EF8155EA85400BDBC88 /* Foundation.framework */,
				C5F61EFA155EA85400BDBC88 /* CoreGraphics.framework */,
			);
			name = Frameworks;
			sourceTree = "<group>";
		};
		C5F61EFC155EA85400BDBC88 /* Bandejao */ = {
			isa = PBXGroup;
			children = (
				C5C354C31570FC2300C98F08 /* 48-fork-and-knife.png */,
				C5C354C41570FC2300C98F08 /* 48-fork-and-knife@2x.png */,
				C5F21FA1156FC0F5009C1505 /* 59-info@2x.png */,
				C5F21FA2156FC0F5009C1505 /* 59-info.png */,
				C53F55F11567EA9C00372D9A /* Parser */,
				C53F55E41567D95800372D9A /* LIbs */,
				C53F55D71567C7EC00372D9A /* View Controllers */,
				C569248F1561847E00A16B9D /* Categories */,
				C5F61F11155EAC1A00BDBC88 /* Entidades */,
				C5F61F05155EA85400BDBC88 /* USPAppDelegate.h */,
				C5F61F06155EA85400BDBC88 /* USPAppDelegate.m */,
				C5F61EFD155EA85400BDBC88 /* Supporting Files */,
				C5F21FA5156FC27F009C1505 /* View.xib */,
				C5C354CC1571051300C98F08 /* USPCardapioView.h */,
				C5C354CD1571051300C98F08 /* USPCardapioView.m */,
			);
			path = Bandejao;
			sourceTree = "<group>";
		};
		C5F61EFD155EA85400BDBC88 /* Supporting Files */ = {
			isa = PBXGroup;
			children = (
				C5F61EFE155EA85400BDBC88 /* Bandejao-Info.plist */,
				C5F61EFF155EA85400BDBC88 /* InfoPlist.strings */,
				C5F61F02155EA85400BDBC88 /* main.m */,
				C5F61F04155EA85400BDBC88 /* Bandejao-Prefix.pch */,
			);
			name = "Supporting Files";
			sourceTree = "<group>";
		};
		C5F61F11155EAC1A00BDBC88 /* Entidades */ = {
			isa = PBXGroup;
			children = (
				C5F61F13155EAD2000BDBC88 /* USPRefeicao.h */,
				C5F61F14155EAD2000BDBC88 /* USPRefeicao.m */,
				C5F61F1C155EB29400BDBC88 /* USPCardapio.h */,
				C5F61F1D155EB29400BDBC88 /* USPCardapio.m */,
			);
			name = Entidades;
			sourceTree = "<group>";
		};
/* End PBXGroup section */

/* Begin PBXNativeTarget section */
		C5F61EF1155EA85400BDBC88 /* Bandejao */ = {
			isa = PBXNativeTarget;
			buildConfigurationList = C5F61F0A155EA85400BDBC88 /* Build configuration list for PBXNativeTarget "Bandejao" */;
			buildPhases = (
				C5F61EEE155EA85400BDBC88 /* Sources */,
				C5F61EEF155EA85400BDBC88 /* Frameworks */,
				C5F61EF0155EA85400BDBC88 /* Resources */,
			);
			buildRules = (
			);
			dependencies = (
			);
			name = Bandejao;
			productName = Bandejao;
			productReference = C5F61EF2155EA85400BDBC88 /* Bandejao.app */;
			productType = "com.apple.product-type.application";
		};
/* End PBXNativeTarget section */

/* Begin PBXProject section */
		C5F61EE9155EA85300BDBC88 /* Project object */ = {
			isa = PBXProject;
			attributes = {
				CLASSPREFIX = USP;
				LastUpgradeCheck = 0430;
				ORGANIZATIONNAME = "Ci&T";
			};
			buildConfigurationList = C5F61EEC155EA85300BDBC88 /* Build configuration list for PBXProject "Bandejao" */;
			compatibilityVersion = "Xcode 3.2";
			developmentRegion = English;
			hasScannedForEncodings = 0;
			knownRegions = (
				en,
			);
			mainGroup = C5F61EE7155EA85300BDBC88;
			productRefGroup = C5F61EF3155EA85400BDBC88 /* Products */;
			projectDirPath = "";
			projectRoot = "";
			targets = (
				C5F61EF1155EA85400BDBC88 /* Bandejao */,
			);
		};
/* End PBXProject section */

/* Begin PBXResourcesBuildPhase section */
		C5F61EF0155EA85400BDBC88 /* Resources */ = {
			isa = PBXResourcesBuildPhase;
			buildActionMask = 2147483647;
			files = (
				C5F61F01155EA85400BDBC88 /* InfoPlist.strings in Resources */,
				C53F55DD1567C82B00372D9A /* USPMainViewController.xib in Resources */,
				C5F21FA3156FC0F5009C1505 /* 59-info@2x.png in Resources */,
				C5F21FA4156FC0F5009C1505 /* 59-info.png in Resources */,
				C5F21FA6156FC27F009C1505 /* View.xib in Resources */,
				C5C354C51570FC2300C98F08 /* 48-fork-and-knife.png in Resources */,
				C5C354C61570FC2300C98F08 /* 48-fork-and-knife@2x.png in Resources */,
			);
			runOnlyForDeploymentPostprocessing = 0;
		};
/* End PBXResourcesBuildPhase section */

/* Begin PBXSourcesBuildPhase section */
		C5F61EEE155EA85400BDBC88 /* Sources */ = {
			isa = PBXSourcesBuildPhase;
			buildActionMask = 2147483647;
			files = (
				C5F61F03155EA85400BDBC88 /* main.m in Sources */,
				C5F61F07155EA85400BDBC88 /* USPAppDelegate.m in Sources */,
				C5F61F15155EAD2000BDBC88 /* USPRefeicao.m in Sources */,
				C5F61F1E155EB29400BDBC88 /* USPCardapio.m in Sources */,
				C56924931561849D00A16B9D /* NSDate+Formatted.m in Sources */,
				C53F55DC1567C82B00372D9A /* USPMainViewController.m in Sources */,
				C53F55EC1567DCF200372D9A /* RXMLElement.m in Sources */,
				C53F55F41567EAB400372D9A /* USPXMLParser.m in Sources */,
				C5C354CE1571051300C98F08 /* USPCardapioView.m in Sources */,
				C5C354D115710A2C00C98F08 /* UIScrollView+GotoIndex.m in Sources */,
			);
			runOnlyForDeploymentPostprocessing = 0;
		};
/* End PBXSourcesBuildPhase section */

/* Begin PBXVariantGroup section */
		C5F61EFF155EA85400BDBC88 /* InfoPlist.strings */ = {
			isa = PBXVariantGroup;
			children = (
				C5F61F00155EA85400BDBC88 /* en */,
			);
			name = InfoPlist.strings;
			sourceTree = "<group>";
		};
/* End PBXVariantGroup section */

/* Begin XCBuildConfiguration section */
		C5F61F08155EA85400BDBC88 /* Debug */ = {
			isa = XCBuildConfiguration;
			buildSettings = {
				ALWAYS_SEARCH_USER_PATHS = NO;
				ARCHS = "$(ARCHS_STANDARD_32_BIT)";
				CLANG_ENABLE_OBJC_ARC = YES;
				"CODE_SIGN_IDENTITY[sdk=iphoneos*]" = "iPhone Developer";
				COPY_PHASE_STRIP = NO;
				GCC_C_LANGUAGE_STANDARD = gnu99;
				GCC_DYNAMIC_NO_PIC = NO;
				GCC_OPTIMIZATION_LEVEL = 0;
				GCC_PREPROCESSOR_DEFINITIONS = (
					"DEBUG=1",
					"$(inherited)",
				);
				GCC_SYMBOLS_PRIVATE_EXTERN = NO;
				GCC_VERSION = com.apple.compilers.llvm.clang.1_0;
				GCC_WARN_ABOUT_RETURN_TYPE = YES;
				GCC_WARN_UNINITIALIZED_AUTOS = YES;
				GCC_WARN_UNUSED_VARIABLE = YES;
				IPHONEOS_DEPLOYMENT_TARGET = 5.1;
				SDKROOT = iphoneos;
			};
			name = Debug;
		};
		C5F61F09155EA85400BDBC88 /* Release */ = {
			isa = XCBuildConfiguration;
			buildSettings = {
				ALWAYS_SEARCH_USER_PATHS = NO;
				ARCHS = "$(ARCHS_STANDARD_32_BIT)";
				CLANG_ENABLE_OBJC_ARC = YES;
				"CODE_SIGN_IDENTITY[sdk=iphoneos*]" = "iPhone Developer";
				COPY_PHASE_STRIP = YES;
				GCC_C_LANGUAGE_STANDARD = gnu99;
				GCC_VERSION = com.apple.compilers.llvm.clang.1_0;
				GCC_WARN_ABOUT_RETURN_TYPE = YES;
				GCC_WARN_UNINITIALIZED_AUTOS = YES;
				GCC_WARN_UNUSED_VARIABLE = YES;
				IPHONEOS_DEPLOYMENT_TARGET = 5.1;
				OTHER_CFLAGS = "-DNS_BLOCK_ASSERTIONS=1";
				SDKROOT = iphoneos;
				VALIDATE_PRODUCT = YES;
			};
			name = Release;
		};
		C5F61F0B155EA85400BDBC88 /* Debug */ = {
			isa = XCBuildConfiguration;
			buildSettings = {
				GCC_PRECOMPILE_PREFIX_HEADER = YES;
				GCC_PREFIX_HEADER = "Bandejao/Bandejao-Prefix.pch";
				HEADER_SEARCH_PATHS = "\"$(SDK_DIR)\"/usr/include/libxml2";
				INFOPLIST_FILE = "Bandejao/Bandejao-Info.plist";
				PRODUCT_NAME = "$(TARGET_NAME)";
				WRAPPER_EXTENSION = app;
			};
			name = Debug;
		};
		C5F61F0C155EA85400BDBC88 /* Release */ = {
			isa = XCBuildConfiguration;
			buildSettings = {
				GCC_PRECOMPILE_PREFIX_HEADER = YES;
				GCC_PREFIX_HEADER = "Bandejao/Bandejao-Prefix.pch";
				HEADER_SEARCH_PATHS = "\"$(SDK_DIR)\"/usr/include/libxml2";
				INFOPLIST_FILE = "Bandejao/Bandejao-Info.plist";
				PRODUCT_NAME = "$(TARGET_NAME)";
				WRAPPER_EXTENSION = app;
			};
			name = Release;
		};
/* End XCBuildConfiguration section */

/* Begin XCConfigurationList section */
		C5F61EEC155EA85300BDBC88 /* Build configuration list for PBXProject "Bandejao" */ = {
			isa = XCConfigurationList;
			buildConfigurations = (
				C5F61F08155EA85400BDBC88 /* Debug */,
				C5F61F09155EA85400BDBC88 /* Release */,
			);
			defaultConfigurationIsVisible = 0;
			defaultConfigurationName = Release;
		};
		C5F61F0A155EA85400BDBC88 /* Build configuration list for PBXNativeTarget "Bandejao" */ = {
			isa = XCConfigurationList;
			buildConfigurations = (
				C5F61F0B155EA85400BDBC88 /* Debug */,
				C5F61F0C155EA85400BDBC88 /* Release */,
			);
			defaultConfigurationIsVisible = 0;
			defaultConfigurationName = Release;
		};
/* End XCConfigurationList section */
	};
	rootObject = C5F61EE9155EA85300BDBC88 /* Project object */;
}
